
Microsoft Visual Studio Solution File, Format Version 12.00
# Visual Studio Version 16
VisualStudioVersion = 16.0.29905.134
MinimumVisualStudioVersion = 10.0.40219.1
Project("{9A19103F-16F7-4668-BE54-9A1E7A4F7556}") = "WebApplication1", "WebApplication1\WebApplication1.csproj", "{207697FE-8038-4D07-888D-F9CCA9B0E0C5}"
EndProject
Project("{FAE04EC0-301F-11D3-BF4B-00C04F79EFBC}") = "Project1", "Project1\Project1.csproj", "{93CA9899-0D6D-4A9C-88CC-1C1453554DF9}"
EndProject
Global
	GlobalSection(SolutionConfigurationPlatforms) = preSolution
		Debug|Any CPU = Debug|Any CPU
		Release|Any CPU = Release|Any CPU
	EndGlobalSection
	GlobalSection(ProjectConfigurationPlatforms) = postSolution
		{207697FE-8038-4D07-888D-F9CCA9B0E0C5}.Debug|Any CPU.ActiveCfg = Debug|Any CPU
		{207697FE-8038-4D07-888D-F9CCA9B0E0C5}.Debug|Any CPU.Build.0 = Debug|Any CPU
		{207697FE-8038-4D07-888D-F9CCA9B0E0C5}.Release|Any CPU.ActiveCfg = Release|Any CPU
		{207697FE-8038-4D07-888D-F9CCA9B0E0C5}.Release|Any CPU.Build.0 = Release|Any CPU
		{93CA9899-0D6D-4A9C-88CC-1C1453554DF9}.Debug|Any CPU.ActiveCfg = Debug|Any CPU
		{93CA9899-0D6D-4A9C-88CC-1C1453554DF9}.Debug|Any CPU.Build.0 = Debug|Any CPU
		{93CA9899-0D6D-4A9C-88CC-1C1453554DF9}.Release|Any CPU.ActiveCfg = Release|Any CPU
		{93CA9899-0D6D-4A9C-88CC-1C1453554DF9}.Release|Any CPU.Build.0 = Release|Any CPU
	EndGlobalSection
	GlobalSection(SolutionProperties) = preSolution
		HideSolutionNode = FALSE
	EndGlobalSection
	GlobalSection(ExtensibilityGlobals) = postSolution
		SolutionGuid = {92360D23-F192-48A5-8D14-66F96DC754F7}
	EndGlobalSection
EndGlobal
